
Microsoft Visual Studio Solution File, Format Version 12.00
# Visual Studio 2012
Project("{8BC9CEB8-8B4A-11D0-8D11-00A0C91BC942}") = "gpslogger", "gpslogger.vcxproj", "{BC163851-65E5-4350-8C73-5D097893AE5D}"
EndProject
Global
	GlobalSection(SolutionConfigurationPlatforms) = preSolution
		Debug|Win32 = Debug|Win32
		Release|Win32 = Release|Win32
	EndGlobalSection
	GlobalSection(ProjectConfigurationPlatforms) = postSolution
		{BC163851-65E5-4350-8C73-5D097893AE5D}.Debug|Win32.ActiveCfg = Debug|Win32
		{BC163851-65E5-4350-8C73-5D097893AE5D}.Debug|Win32.Build.0 = Debug|Win32
		{BC163851-65E5-4350-8C73-5D097893AE5D}.Release|Win32.ActiveCfg = Release|Win32
		{BC163851-65E5-4350-8C73-5D097893AE5D}.Release|Win32.Build.0 = Release|Win32
	EndGlobalSection
	GlobalSection(SolutionProperties) = preSolution
		HideSolutionNode = FALSE
	EndGlobalSection
EndGlobal
